
Microsoft Visual Studio Solution File, Format Version 12.00
# Visual Studio Version 17
VisualStudioVersion = 17.3.32929.385
MinimumVisualStudioVersion = 10.0.40219.1
Project("{FAE04EC0-301F-11D3-BF4B-00C04F79EFBC}") = "CatalogoWeb.EntidadesDeNegocio", "CatalogoWeb.EntidadesDeNegocio\CatalogoWeb.EntidadesDeNegocio.csproj", "{CE59397D-C996-4F35-A5B5-4AB82D17EA0A}"
EndProject
Project("{FAE04EC0-301F-11D3-BF4B-00C04F79EFBC}") = "CatalogoWeb.InterfazDeUsuario", "CatalogoWeb.InterfazDeUsuario\CatalogoWeb.InterfazDeUsuario.csproj", "{4B364837-30CB-41DC-A869-7544D3A64121}"
EndProject
Project("{FAE04EC0-301F-11D3-BF4B-00C04F79EFBC}") = "CatalogoWeb.AccesoADatos", "CatalogoWeb.AccesoADatos\CatalogoWeb.AccesoADatos.csproj", "{FB77DADF-BF1A-469B-877F-7216E4CC5712}"
EndProject
Project("{FAE04EC0-301F-11D3-BF4B-00C04F79EFBC}") = "CatalogoWeb.LogicaDeNegocio", "CatalogoWeb.LogicaDeNegocio\CatalogoWeb.LogicaDeNegocio.csproj", "{AD47204B-A725-4FBF-BA72-55F07389CDAE}"
EndProject
Global
	GlobalSection(SolutionConfigurationPlatforms) = preSolution
		Debug|Any CPU = Debug|Any CPU
		Release|Any CPU = Release|Any CPU
	EndGlobalSection
	GlobalSection(ProjectConfigurationPlatforms) = postSolution
		{CE59397D-C996-4F35-A5B5-4AB82D17EA0A}.Debug|Any CPU.ActiveCfg = Debug|Any CPU
		{CE59397D-C996-4F35-A5B5-4AB82D17EA0A}.Debug|Any CPU.Build.0 = Debug|Any CPU
		{CE59397D-C996-4F35-A5B5-4AB82D17EA0A}.Release|Any CPU.ActiveCfg = Release|Any CPU
		{CE59397D-C996-4F35-A5B5-4AB82D17EA0A}.Release|Any CPU.Build.0 = Release|Any CPU
		{4B364837-30CB-41DC-A869-7544D3A64121}.Debug|Any CPU.ActiveCfg = Debug|Any CPU
		{4B364837-30CB-41DC-A869-7544D3A64121}.Debug|Any CPU.Build.0 = Debug|Any CPU
		{4B364837-30CB-41DC-A869-7544D3A64121}.Release|Any CPU.ActiveCfg = Release|Any CPU
		{4B364837-30CB-41DC-A869-7544D3A64121}.Release|Any CPU.Build.0 = Release|Any CPU
		{FB77DADF-BF1A-469B-877F-7216E4CC5712}.Debug|Any CPU.ActiveCfg = Debug|Any CPU
		{FB77DADF-BF1A-469B-877F-7216E4CC5712}.Debug|Any CPU.Build.0 = Debug|Any CPU
		{FB77DADF-BF1A-469B-877F-7216E4CC5712}.Release|Any CPU.ActiveCfg = Release|Any CPU
		{FB77DADF-BF1A-469B-877F-7216E4CC5712}.Release|Any CPU.Build.0 = Release|Any CPU
		{AD47204B-A725-4FBF-BA72-55F07389CDAE}.Debug|Any CPU.ActiveCfg = Debug|Any CPU
		{AD47204B-A725-4FBF-BA72-55F07389CDAE}.Debug|Any CPU.Build.0 = Debug|Any CPU
		{AD47204B-A725-4FBF-BA72-55F07389CDAE}.Release|Any CPU.ActiveCfg = Release|Any CPU
		{AD47204B-A725-4FBF-BA72-55F07389CDAE}.Release|Any CPU.Build.0 = Release|Any CPU
	EndGlobalSection
	GlobalSection(SolutionProperties) = preSolution
		HideSolutionNode = FALSE
	EndGlobalSection
	GlobalSection(ExtensibilityGlobals) = postSolution
		SolutionGuid = {42B60615-1855-4204-8DCD-D7CAE9939E93}
	EndGlobalSection
EndGlobal
